
Microsoft Visual Studio Solution File, Format Version 12.00
# Visual Studio Version 17
VisualStudioVersion = 17.5.002.0
MinimumVisualStudioVersion = 10.0.40219.1
Project("{9A19103F-16F7-4668-BE54-9A1E7A4F7556}") = "quickstart", "quickstart\quickstart.csproj", "{D2569EF4-6250-43F9-A9F1-C6E7D4A09730}"
EndProject
Project("{2150E333-8FDC-42A3-9474-1A3956D46DE8}") = "how-to", "how-to", "{9502791C-7F73-49F3-877C-8781B772143A}"
EndProject
Project("{9A19103F-16F7-4668-BE54-9A1E7A4F7556}") = "async", "how-to\async\async.csproj", "{C1969F8E-3F4E-4A05-9076-316FBEF3C7C3}"
EndProject
Project("{9A19103F-16F7-4668-BE54-9A1E7A4F7556}") = "barcodes", "how-to\barcodes\barcodes.csproj", "{E3E2C4AC-6BBD-4B98-8AF2-4A552F3CDD42}"
EndProject
Project("{9A19103F-16F7-4668-BE54-9A1E7A4F7556}") = "computer-vision", "how-to\computer-vision\computer-vision.csproj", "{C7A3CCC1-34BA-40C6-8CEA-7EBB44356120}"
EndProject
Project("{9A19103F-16F7-4668-BE54-9A1E7A4F7556}") = "csharp-pdf-ocr", "how-to\csharp-pdf-ocr\csharp-pdf-ocr.csproj", "{42B58BBB-0DA7-4148-93A6-4575FD4B8865}"
EndProject
Project("{9A19103F-16F7-4668-BE54-9A1E7A4F7556}") = "csharp-tesseract-config-configuration-variables", "how-to\csharp-tesseract-config-configuration-variables\csharp-tesseract-config-configuration-variables.csproj", "{4C69DBDE-5F00-4920-B2B5-BECED8EAAD35}"
EndProject
Project("{9A19103F-16F7-4668-BE54-9A1E7A4F7556}") = "csharp-tesseract-ocr-docker-linux-setup-tutorial", "how-to\csharp-tesseract-ocr-docker-linux-setup-tutorial\csharp-tesseract-ocr-docker-linux-setup-tutorial.csproj", "{C786F57C-7096-48B0-A946-E4F97FF00A52}"
EndProject
Project("{9A19103F-16F7-4668-BE54-9A1E7A4F7556}") = "detect-page-rotation", "how-to\detect-page-rotation\detect-page-rotation.csproj", "{345F6289-FDF0-4DB0-85B2-617EFD3E8739}"
EndProject
Project("{9A19103F-16F7-4668-BE54-9A1E7A4F7556}") = "html-hocr-export", "how-to\html-hocr-export\html-hocr-export.csproj", "{C73E98F5-CA51-4F05-9521-2ADF3C84C9DC}"
EndProject
Project("{9A19103F-16F7-4668-BE54-9A1E7A4F7556}") = "image-color-correction", "how-to\image-color-correction\image-color-correction.csproj", "{C4AE1846-DCB0-4A4C-88DB-7734656B20C4}"
EndProject
Project("{9A19103F-16F7-4668-BE54-9A1E7A4F7556}") = "image-orientation-correction", "how-to\image-orientation-correction\image-orientation-correction.csproj", "{12C65542-03C7-4560-8EE9-33DB5EC53B99}"
EndProject
Project("{9A19103F-16F7-4668-BE54-9A1E7A4F7556}") = "image-quality-correction", "how-to\image-quality-correction\image-quality-correction.csproj", "{3D6AE0DF-CC67-48AA-9F84-D611C7E18AC4}"
EndProject
Project("{9A19103F-16F7-4668-BE54-9A1E7A4F7556}") = "input-images", "how-to\input-images\input-images.csproj", "{573B2412-AAF3-41DE-80AC-EA75E11A024E}"
EndProject
Project("{9A19103F-16F7-4668-BE54-9A1E7A4F7556}") = "input-pdfs", "how-to\input-pdfs\input-pdfs.csproj", "{DF93D292-6F74-48CE-9209-3EE4FB877A09}"
EndProject
Project("{9A19103F-16F7-4668-BE54-9A1E7A4F7556}") = "input-streams", "how-to\input-streams\input-streams.csproj", "{1C1EADFF-3BF2-4E1A-A596-084B850F86AF}"
EndProject
Project("{9A19103F-16F7-4668-BE54-9A1E7A4F7556}") = "input-system-drawing", "how-to\input-system-drawing\input-system-drawing.csproj", "{236B4E6A-480F-4E09-95DE-9BFC0EE03507}"
EndProject
Project("{9A19103F-16F7-4668-BE54-9A1E7A4F7556}") = "input-tiff-gif", "how-to\input-tiff-gif\input-tiff-gif.csproj", "{1787BB88-9E8F-4245-A85F-12396CC217B0}"
EndProject
Project("{9A19103F-16F7-4668-BE54-9A1E7A4F7556}") = "iron-ocr-aws-tutorial", "how-to\iron-ocr-aws-tutorial\iron-ocr-aws-tutorial.csproj", "{F5B44401-DEB5-4143-B943-4BEA4C5938ED}"
EndProject
Project("{9A19103F-16F7-4668-BE54-9A1E7A4F7556}") = "iron-ocr-azure-tutorial", "how-to\iron-ocr-azure-tutorial\iron-ocr-azure-tutorial.csproj", "{CD16F84C-B453-4DAC-B8EB-E296335AA0AE}"
EndProject
Project("{9A19103F-16F7-4668-BE54-9A1E7A4F7556}") = "iron-tesseract", "how-to\iron-tesseract\iron-tesseract.csproj", "{85BDCC32-B666-4121-9FC8-8BF0BAC734A6}"
EndProject
Project("{9A19103F-16F7-4668-BE54-9A1E7A4F7556}") = "ironocr-installer", "how-to\ironocr-installer\ironocr-installer.csproj", "{F277F9B0-A6FE-4338-93E1-646DAD88CD64}"
EndProject
Project("{9A19103F-16F7-4668-BE54-9A1E7A4F7556}") = "license-keys", "how-to\license-keys\license-keys.csproj", "{27946849-FED2-4ADB-994F-619B8EC190D9}"
EndProject
Project("{9A19103F-16F7-4668-BE54-9A1E7A4F7556}") = "net-maui-ocr-tutorial", "how-to\net-maui-ocr-tutorial\net-maui-ocr-tutorial.csproj", "{B49FCDAF-A33C-4EEF-B838-8F2EABF9061A}"
EndProject
Project("{9A19103F-16F7-4668-BE54-9A1E7A4F7556}") = "ocr-custom-font-training", "how-to\ocr-custom-font-training\ocr-custom-font-training.csproj", "{C5F4A50E-D363-4B31-A04B-00C45345CC7A}"
EndProject
Project("{9A19103F-16F7-4668-BE54-9A1E7A4F7556}") = "ocr-multiple-languages", "how-to\ocr-multiple-languages\ocr-multiple-languages.csproj", "{D780EC43-B16A-4ED9-AEDF-3CE2772B5416}"
EndProject
Project("{9A19103F-16F7-4668-BE54-9A1E7A4F7556}") = "progress-tracking", "how-to\progress-tracking\progress-tracking.csproj", "{93575AEC-00BB-4070-BC8A-5A09E167A0B1}"
EndProject
Project("{9A19103F-16F7-4668-BE54-9A1E7A4F7556}") = "read-results", "how-to\read-results\read-results.csproj", "{E9D0950C-CB9D-49DC-9D3F-34378E0FB9D7}"
EndProject
Project("{9A19103F-16F7-4668-BE54-9A1E7A4F7556}") = "read-specific-document", "how-to\read-specific-document\read-specific-document.csproj", "{84D51482-ED5D-4004-B82D-1ED35B71E494}"
EndProject
Project("{9A19103F-16F7-4668-BE54-9A1E7A4F7556}") = "searchable-pdf", "how-to\searchable-pdf\searchable-pdf.csproj", "{43E453D7-EC9A-4E29-B8BF-587B74274127}"
EndProject
Project("{9A19103F-16F7-4668-BE54-9A1E7A4F7556}") = "setup-android", "how-to\setup-android\setup-android.csproj", "{6A7C658C-D210-4A5B-AC4B-8014C1FDA037}"
EndProject
Project("{9A19103F-16F7-4668-BE54-9A1E7A4F7556}") = "setup-ios", "how-to\setup-ios\setup-ios.csproj", "{41B776AE-EB05-4B59-A3CD-F94C7A999491}"
EndProject
Project("{9A19103F-16F7-4668-BE54-9A1E7A4F7556}") = "tesseract-ocr-setup-linux-ubuntu-debian", "how-to\tesseract-ocr-setup-linux-ubuntu-debian\tesseract-ocr-setup-linux-ubuntu-debian.csproj", "{5F64F0ED-0397-416B-8FF5-A2E2D7ABB4B8}"
EndProject
Project("{9A19103F-16F7-4668-BE54-9A1E7A4F7556}") = "tesseract-result-confidence", "how-to\tesseract-result-confidence\tesseract-result-confidence.csproj", "{08336330-F8CE-4833-A508-3B6A3C81D0EB}"
EndProject
Project("{2150E333-8FDC-42A3-9474-1A3956D46DE8}") = "tutorials", "tutorials", "{9E1738C6-30B8-461D-AA26-C2FD786C1D91}"
EndProject
Project("{9A19103F-16F7-4668-BE54-9A1E7A4F7556}") = "c-sharp-ocr-image-filters", "tutorials\c-sharp-ocr-image-filters\c-sharp-ocr-image-filters.csproj", "{1DE23256-23FA-4C92-95B6-E913C94C8B6F}"
EndProject
Project("{9A19103F-16F7-4668-BE54-9A1E7A4F7556}") = "c-sharp-tesseract-ocr", "tutorials\c-sharp-tesseract-ocr\c-sharp-tesseract-ocr.csproj", "{D067040E-F347-4A20-A309-7670561FA520}"
EndProject
Project("{9A19103F-16F7-4668-BE54-9A1E7A4F7556}") = "csharp-recognize-text-from-image-computer-vision", "tutorials\csharp-recognize-text-from-image-computer-vision\csharp-recognize-text-from-image-computer-vision.csproj", "{B4ABF741-5F2C-4B71-901C-608388DDB340}"
EndProject
Project("{9A19103F-16F7-4668-BE54-9A1E7A4F7556}") = "how-to-read-text-from-an-image-in-csharp-net", "tutorials\how-to-read-text-from-an-image-in-csharp-net\how-to-read-text-from-an-image-in-csharp-net.csproj", "{5CEDFCBB-8A2D-4F31-9589-C4B00D911E8A}"
EndProject
Global
	GlobalSection(SolutionConfigurationPlatforms) = preSolution
		Debug|Any CPU = Debug|Any CPU
		Release|Any CPU = Release|Any CPU
	EndGlobalSection
	GlobalSection(ProjectConfigurationPlatforms) = postSolution
		{D2569EF4-6250-43F9-A9F1-C6E7D4A09730}.Debug|Any CPU.ActiveCfg = Debug|Any CPU
		{D2569EF4-6250-43F9-A9F1-C6E7D4A09730}.Debug|Any CPU.Build.0 = Debug|Any CPU
		{D2569EF4-6250-43F9-A9F1-C6E7D4A09730}.Release|Any CPU.ActiveCfg = Release|Any CPU
		{D2569EF4-6250-43F9-A9F1-C6E7D4A09730}.Release|Any CPU.Build.0 = Release|Any CPU
		{C1969F8E-3F4E-4A05-9076-316FBEF3C7C3}.Debug|Any CPU.ActiveCfg = Debug|Any CPU
		{C1969F8E-3F4E-4A05-9076-316FBEF3C7C3}.Debug|Any CPU.Build.0 = Debug|Any CPU
		{C1969F8E-3F4E-4A05-9076-316FBEF3C7C3}.Release|Any CPU.ActiveCfg = Release|Any CPU
		{C1969F8E-3F4E-4A05-9076-316FBEF3C7C3}.Release|Any CPU.Build.0 = Release|Any CPU
		{E3E2C4AC-6BBD-4B98-8AF2-4A552F3CDD42}.Debug|Any CPU.ActiveCfg = Debug|Any CPU
		{E3E2C4AC-6BBD-4B98-8AF2-4A552F3CDD42}.Debug|Any CPU.Build.0 = Debug|Any CPU
		{E3E2C4AC-6BBD-4B98-8AF2-4A552F3CDD42}.Release|Any CPU.ActiveCfg = Release|Any CPU
		{E3E2C4AC-6BBD-4B98-8AF2-4A552F3CDD42}.Release|Any CPU.Build.0 = Release|Any CPU
		{C7A3CCC1-34BA-40C6-8CEA-7EBB44356120}.Debug|Any CPU.ActiveCfg = Debug|Any CPU
		{C7A3CCC1-34BA-40C6-8CEA-7EBB44356120}.Debug|Any CPU.Build.0 = Debug|Any CPU
		{C7A3CCC1-34BA-40C6-8CEA-7EBB44356120}.Release|Any CPU.ActiveCfg = Release|Any CPU
		{C7A3CCC1-34BA-40C6-8CEA-7EBB44356120}.Release|Any CPU.Build.0 = Release|Any CPU
		{42B58BBB-0DA7-4148-93A6-4575FD4B8865}.Debug|Any CPU.ActiveCfg = Debug|Any CPU
		{42B58BBB-0DA7-4148-93A6-4575FD4B8865}.Debug|Any CPU.Build.0 = Debug|Any CPU
		{42B58BBB-0DA7-4148-93A6-4575FD4B8865}.Release|Any CPU.ActiveCfg = Release|Any CPU
		{42B58BBB-0DA7-4148-93A6-4575FD4B8865}.Release|Any CPU.Build.0 = Release|Any CPU
		{4C69DBDE-5F00-4920-B2B5-BECED8EAAD35}.Debug|Any CPU.ActiveCfg = Debug|Any CPU
		{4C69DBDE-5F00-4920-B2B5-BECED8EAAD35}.Debug|Any CPU.Build.0 = Debug|Any CPU
		{4C69DBDE-5F00-4920-B2B5-BECED8EAAD35}.Release|Any CPU.ActiveCfg = Release|Any CPU
		{4C69DBDE-5F00-4920-B2B5-BECED8EAAD35}.Release|Any CPU.Build.0 = Release|Any CPU
		{C786F57C-7096-48B0-A946-E4F97FF00A52}.Debug|Any CPU.ActiveCfg = Debug|Any CPU
		{C786F57C-7096-48B0-A946-E4F97FF00A52}.Debug|Any CPU.Build.0 = Debug|Any CPU
		{C786F57C-7096-48B0-A946-E4F97FF00A52}.Release|Any CPU.ActiveCfg = Release|Any CPU
		{C786F57C-7096-48B0-A946-E4F97FF00A52}.Release|Any CPU.Build.0 = Release|Any CPU
		{345F6289-FDF0-4DB0-85B2-617EFD3E8739}.Debug|Any CPU.ActiveCfg = Debug|Any CPU
		{345F6289-FDF0-4DB0-85B2-617EFD3E8739}.Debug|Any CPU.Build.0 = Debug|Any CPU
		{345F6289-FDF0-4DB0-85B2-617EFD3E8739}.Release|Any CPU.ActiveCfg = Release|Any CPU
		{345F6289-FDF0-4DB0-85B2-617EFD3E8739}.Release|Any CPU.Build.0 = Release|Any CPU
		{C73E98F5-CA51-4F05-9521-2ADF3C84C9DC}.Debug|Any CPU.ActiveCfg = Debug|Any CPU
		{C73E98F5-CA51-4F05-9521-2ADF3C84C9DC}.Debug|Any CPU.Build.0 = Debug|Any CPU
		{C73E98F5-CA51-4F05-9521-2ADF3C84C9DC}.Release|Any CPU.ActiveCfg = Release|Any CPU
		{C73E98F5-CA51-4F05-9521-2ADF3C84C9DC}.Release|Any CPU.Build.0 = Release|Any CPU
		{C4AE1846-DCB0-4A4C-88DB-7734656B20C4}.Debug|Any CPU.ActiveCfg = Debug|Any CPU
		{C4AE1846-DCB0-4A4C-88DB-7734656B20C4}.Debug|Any CPU.Build.0 = Debug|Any CPU
		{C4AE1846-DCB0-4A4C-88DB-7734656B20C4}.Release|Any CPU.ActiveCfg = Release|Any CPU
		{C4AE1846-DCB0-4A4C-88DB-7734656B20C4}.Release|Any CPU.Build.0 = Release|Any CPU
		{12C65542-03C7-4560-8EE9-33DB5EC53B99}.Debug|Any CPU.ActiveCfg = Debug|Any CPU
		{12C65542-03C7-4560-8EE9-33DB5EC53B99}.Debug|Any CPU.Build.0 = Debug|Any CPU
		{12C65542-03C7-4560-8EE9-33DB5EC53B99}.Release|Any CPU.ActiveCfg = Release|Any CPU
		{12C65542-03C7-4560-8EE9-33DB5EC53B99}.Release|Any CPU.Build.0 = Release|Any CPU
		{3D6AE0DF-CC67-48AA-9F84-D611C7E18AC4}.Debug|Any CPU.ActiveCfg = Debug|Any CPU
		{3D6AE0DF-CC67-48AA-9F84-D611C7E18AC4}.Debug|Any CPU.Build.0 = Debug|Any CPU
		{3D6AE0DF-CC67-48AA-9F84-D611C7E18AC4}.Release|Any CPU.ActiveCfg = Release|Any CPU
		{3D6AE0DF-CC67-48AA-9F84-D611C7E18AC4}.Release|Any CPU.Build.0 = Release|Any CPU
		{573B2412-AAF3-41DE-80AC-EA75E11A024E}.Debug|Any CPU.ActiveCfg = Debug|Any CPU
		{573B2412-AAF3-41DE-80AC-EA75E11A024E}.Debug|Any CPU.Build.0 = Debug|Any CPU
		{573B2412-AAF3-41DE-80AC-EA75E11A024E}.Release|Any CPU.ActiveCfg = Release|Any CPU
		{573B2412-AAF3-41DE-80AC-EA75E11A024E}.Release|Any CPU.Build.0 = Release|Any CPU
		{DF93D292-6F74-48CE-9209-3EE4FB877A09}.Debug|Any CPU.ActiveCfg = Debug|Any CPU
		{DF93D292-6F74-48CE-9209-3EE4FB877A09}.Debug|Any CPU.Build.0 = Debug|Any CPU
		{DF93D292-6F74-48CE-9209-3EE4FB877A09}.Release|Any CPU.ActiveCfg = Release|Any CPU
		{DF93D292-6F74-48CE-9209-3EE4FB877A09}.Release|Any CPU.Build.0 = Release|Any CPU
		{1C1EADFF-3BF2-4E1A-A596-084B850F86AF}.Debug|Any CPU.ActiveCfg = Debug|Any CPU
		{1C1EADFF-3BF2-4E1A-A596-084B850F86AF}.Debug|Any CPU.Build.0 = Debug|Any CPU
		{1C1EADFF-3BF2-4E1A-A596-084B850F86AF}.Release|Any CPU.ActiveCfg = Release|Any CPU
		{1C1EADFF-3BF2-4E1A-A596-084B850F86AF}.Release|Any CPU.Build.0 = Release|Any CPU
		{236B4E6A-480F-4E09-95DE-9BFC0EE03507}.Debug|Any CPU.ActiveCfg = Debug|Any CPU
		{236B4E6A-480F-4E09-95DE-9BFC0EE03507}.Debug|Any CPU.Build.0 = Debug|Any CPU
		{236B4E6A-480F-4E09-95DE-9BFC0EE03507}.Release|Any CPU.ActiveCfg = Release|Any CPU
		{236B4E6A-480F-4E09-95DE-9BFC0EE03507}.Release|Any CPU.Build.0 = Release|Any CPU
		{1787BB88-9E8F-4245-A85F-12396CC217B0}.Debug|Any CPU.ActiveCfg = Debug|Any CPU
		{1787BB88-9E8F-4245-A85F-12396CC217B0}.Debug|Any CPU.Build.0 = Debug|Any CPU
		{1787BB88-9E8F-4245-A85F-12396CC217B0}.Release|Any CPU.ActiveCfg = Release|Any CPU
		{1787BB88-9E8F-4245-A85F-12396CC217B0}.Release|Any CPU.Build.0 = Release|Any CPU
		{F5B44401-DEB5-4143-B943-4BEA4C5938ED}.Debug|Any CPU.ActiveCfg = Debug|Any CPU
		{F5B44401-DEB5-4143-B943-4BEA4C5938ED}.Debug|Any CPU.Build.0 = Debug|Any CPU
		{F5B44401-DEB5-4143-B943-4BEA4C5938ED}.Release|Any CPU.ActiveCfg = Release|Any CPU
		{F5B44401-DEB5-4143-B943-4BEA4C5938ED}.Release|Any CPU.Build.0 = Release|Any CPU
		{CD16F84C-B453-4DAC-B8EB-E296335AA0AE}.Debug|Any CPU.ActiveCfg = Debug|Any CPU
		{CD16F84C-B453-4DAC-B8EB-E296335AA0AE}.Debug|Any CPU.Build.0 = Debug|Any CPU
		{CD16F84C-B453-4DAC-B8EB-E296335AA0AE}.Release|Any CPU.ActiveCfg = Release|Any CPU
		{CD16F84C-B453-4DAC-B8EB-E296335AA0AE}.Release|Any CPU.Build.0 = Release|Any CPU
		{85BDCC32-B666-4121-9FC8-8BF0BAC734A6}.Debug|Any CPU.ActiveCfg = Debug|Any CPU
		{85BDCC32-B666-4121-9FC8-8BF0BAC734A6}.Debug|Any CPU.Build.0 = Debug|Any CPU
		{85BDCC32-B666-4121-9FC8-8BF0BAC734A6}.Release|Any CPU.ActiveCfg = Release|Any CPU
		{85BDCC32-B666-4121-9FC8-8BF0BAC734A6}.Release|Any CPU.Build.0 = Release|Any CPU
		{F277F9B0-A6FE-4338-93E1-646DAD88CD64}.Debug|Any CPU.ActiveCfg = Debug|Any CPU
		{F277F9B0-A6FE-4338-93E1-646DAD88CD64}.Debug|Any CPU.Build.0 = Debug|Any CPU
		{F277F9B0-A6FE-4338-93E1-646DAD88CD64}.Release|Any CPU.ActiveCfg = Release|Any CPU
		{F277F9B0-A6FE-4338-93E1-646DAD88CD64}.Release|Any CPU.Build.0 = Release|Any CPU
		{27946849-FED2-4ADB-994F-619B8EC190D9}.Debug|Any CPU.ActiveCfg = Debug|Any CPU
		{27946849-FED2-4ADB-994F-619B8EC190D9}.Debug|Any CPU.Build.0 = Debug|Any CPU
		{27946849-FED2-4ADB-994F-619B8EC190D9}.Release|Any CPU.ActiveCfg = Release|Any CPU
		{27946849-FED2-4ADB-994F-619B8EC190D9}.Release|Any CPU.Build.0 = Release|Any CPU
		{B49FCDAF-A33C-4EEF-B838-8F2EABF9061A}.Debug|Any CPU.ActiveCfg = Debug|Any CPU
		{B49FCDAF-A33C-4EEF-B838-8F2EABF9061A}.Debug|Any CPU.Build.0 = Debug|Any CPU
		{B49FCDAF-A33C-4EEF-B838-8F2EABF9061A}.Release|Any CPU.ActiveCfg = Release|Any CPU
		{B49FCDAF-A33C-4EEF-B838-8F2EABF9061A}.Release|Any CPU.Build.0 = Release|Any CPU
		{C5F4A50E-D363-4B31-A04B-00C45345CC7A}.Debug|Any CPU.ActiveCfg = Debug|Any CPU
		{C5F4A50E-D363-4B31-A04B-00C45345CC7A}.Debug|Any CPU.Build.0 = Debug|Any CPU
		{C5F4A50E-D363-4B31-A04B-00C45345CC7A}.Release|Any CPU.ActiveCfg = Release|Any CPU
		{C5F4A50E-D363-4B31-A04B-00C45345CC7A}.Release|Any CPU.Build.0 = Release|Any CPU
		{D780EC43-B16A-4ED9-AEDF-3CE2772B5416}.Debug|Any CPU.ActiveCfg = Debug|Any CPU
		{D780EC43-B16A-4ED9-AEDF-3CE2772B5416}.Debug|Any CPU.Build.0 = Debug|Any CPU
		{D780EC43-B16A-4ED9-AEDF-3CE2772B5416}.Release|Any CPU.ActiveCfg = Release|Any CPU
		{D780EC43-B16A-4ED9-AEDF-3CE2772B5416}.Release|Any CPU.Build.0 = Release|Any CPU
		{93575AEC-00BB-4070-BC8A-5A09E167A0B1}.Debug|Any CPU.ActiveCfg = Debug|Any CPU
		{93575AEC-00BB-4070-BC8A-5A09E167A0B1}.Debug|Any CPU.Build.0 = Debug|Any CPU
		{93575AEC-00BB-4070-BC8A-5A09E167A0B1}.Release|Any CPU.ActiveCfg = Release|Any CPU
		{93575AEC-00BB-4070-BC8A-5A09E167A0B1}.Release|Any CPU.Build.0 = Release|Any CPU
		{E9D0950C-CB9D-49DC-9D3F-34378E0FB9D7}.Debug|Any CPU.ActiveCfg = Debug|Any CPU
		{E9D0950C-CB9D-49DC-9D3F-34378E0FB9D7}.Debug|Any CPU.Build.0 = Debug|Any CPU
		{E9D0950C-CB9D-49DC-9D3F-34378E0FB9D7}.Release|Any CPU.ActiveCfg = Release|Any CPU
		{E9D0950C-CB9D-49DC-9D3F-34378E0FB9D7}.Release|Any CPU.Build.0 = Release|Any CPU
		{84D51482-ED5D-4004-B82D-1ED35B71E494}.Debug|Any CPU.ActiveCfg = Debug|Any CPU
		{84D51482-ED5D-4004-B82D-1ED35B71E494}.Debug|Any CPU.Build.0 = Debug|Any CPU
		{84D51482-ED5D-4004-B82D-1ED35B71E494}.Release|Any CPU.ActiveCfg = Release|Any CPU
		{84D51482-ED5D-4004-B82D-1ED35B71E494}.Release|Any CPU.Build.0 = Release|Any CPU
		{43E453D7-EC9A-4E29-B8BF-587B74274127}.Debug|Any CPU.ActiveCfg = Debug|Any CPU
		{43E453D7-EC9A-4E29-B8BF-587B74274127}.Debug|Any CPU.Build.0 = Debug|Any CPU
		{43E453D7-EC9A-4E29-B8BF-587B74274127}.Release|Any CPU.ActiveCfg = Release|Any CPU
		{43E453D7-EC9A-4E29-B8BF-587B74274127}.Release|Any CPU.Build.0 = Release|Any CPU
		{6A7C658C-D210-4A5B-AC4B-8014C1FDA037}.Debug|Any CPU.ActiveCfg = Debug|Any CPU
		{6A7C658C-D210-4A5B-AC4B-8014C1FDA037}.Debug|Any CPU.Build.0 = Debug|Any CPU
		{6A7C658C-D210-4A5B-AC4B-8014C1FDA037}.Release|Any CPU.ActiveCfg = Release|Any CPU
		{6A7C658C-D210-4A5B-AC4B-8014C1FDA037}.Release|Any CPU.Build.0 = Release|Any CPU
		{41B776AE-EB05-4B59-A3CD-F94C7A999491}.Debug|Any CPU.ActiveCfg = Debug|Any CPU
		{41B776AE-EB05-4B59-A3CD-F94C7A999491}.Debug|Any CPU.Build.0 = Debug|Any CPU
		{41B776AE-EB05-4B59-A3CD-F94C7A999491}.Release|Any CPU.ActiveCfg = Release|Any CPU
		{41B776AE-EB05-4B59-A3CD-F94C7A999491}.Release|Any CPU.Build.0 = Release|Any CPU
		{5F64F0ED-0397-416B-8FF5-A2E2D7ABB4B8}.Debug|Any CPU.ActiveCfg = Debug|Any CPU
		{5F64F0ED-0397-416B-8FF5-A2E2D7ABB4B8}.Debug|Any CPU.Build.0 = Debug|Any CPU
		{5F64F0ED-0397-416B-8FF5-A2E2D7ABB4B8}.Release|Any CPU.ActiveCfg = Release|Any CPU
		{5F64F0ED-0397-416B-8FF5-A2E2D7ABB4B8}.Release|Any CPU.Build.0 = Release|Any CPU
		{08336330-F8CE-4833-A508-3B6A3C81D0EB}.Debug|Any CPU.ActiveCfg = Debug|Any CPU
		{08336330-F8CE-4833-A508-3B6A3C81D0EB}.Debug|Any CPU.Build.0 = Debug|Any CPU
		{08336330-F8CE-4833-A508-3B6A3C81D0EB}.Release|Any CPU.ActiveCfg = Release|Any CPU
		{08336330-F8CE-4833-A508-3B6A3C81D0EB}.Release|Any CPU.Build.0 = Release|Any CPU
		{1DE23256-23FA-4C92-95B6-E913C94C8B6F}.Debug|Any CPU.ActiveCfg = Debug|Any CPU
		{1DE23256-23FA-4C92-95B6-E913C94C8B6F}.Debug|Any CPU.Build.0 = Debug|Any CPU
		{1DE23256-23FA-4C92-95B6-E913C94C8B6F}.Release|Any CPU.ActiveCfg = Release|Any CPU
		{1DE23256-23FA-4C92-95B6-E913C94C8B6F}.Release|Any CPU.Build.0 = Release|Any CPU
		{D067040E-F347-4A20-A309-7670561FA520}.Debug|Any CPU.ActiveCfg = Debug|Any CPU
		{D067040E-F347-4A20-A309-7670561FA520}.Debug|Any CPU.Build.0 = Debug|Any CPU
		{D067040E-F347-4A20-A309-7670561FA520}.Release|Any CPU.ActiveCfg = Release|Any CPU
		{D067040E-F347-4A20-A309-7670561FA520}.Release|Any CPU.Build.0 = Release|Any CPU
		{B4ABF741-5F2C-4B71-901C-608388DDB340}.Debug|Any CPU.ActiveCfg = Debug|Any CPU
		{B4ABF741-5F2C-4B71-901C-608388DDB340}.Debug|Any CPU.Build.0 = Debug|Any CPU
		{B4ABF741-5F2C-4B71-901C-608388DDB340}.Release|Any CPU.ActiveCfg = Release|Any CPU
		{B4ABF741-5F2C-4B71-901C-608388DDB340}.Release|Any CPU.Build.0 = Release|Any CPU
		{5CEDFCBB-8A2D-4F31-9589-C4B00D911E8A}.Debug|Any CPU.ActiveCfg = Debug|Any CPU
		{5CEDFCBB-8A2D-4F31-9589-C4B00D911E8A}.Debug|Any CPU.Build.0 = Debug|Any CPU
		{5CEDFCBB-8A2D-4F31-9589-C4B00D911E8A}.Release|Any CPU.ActiveCfg = Release|Any CPU
		{5CEDFCBB-8A2D-4F31-9589-C4B00D911E8A}.Release|Any CPU.Build.0 = Release|Any CPU
	EndGlobalSection
	GlobalSection(SolutionProperties) = preSolution
		HideSolutionNode = FALSE
	EndGlobalSection
	GlobalSection(NestedProjects) = preSolution
		{C1969F8E-3F4E-4A05-9076-316FBEF3C7C3} = {9502791C-7F73-49F3-877C-8781B772143A}
		{E3E2C4AC-6BBD-4B98-8AF2-4A552F3CDD42} = {9502791C-7F73-49F3-877C-8781B772143A}
		{C7A3CCC1-34BA-40C6-8CEA-7EBB44356120} = {9502791C-7F73-49F3-877C-8781B772143A}
		{42B58BBB-0DA7-4148-93A6-4575FD4B8865} = {9502791C-7F73-49F3-877C-8781B772143A}
		{4C69DBDE-5F00-4920-B2B5-BECED8EAAD35} = {9502791C-7F73-49F3-877C-8781B772143A}
		{C786F57C-7096-48B0-A946-E4F97FF00A52} = {9502791C-7F73-49F3-877C-8781B772143A}
		{345F6289-FDF0-4DB0-85B2-617EFD3E8739} = {9502791C-7F73-49F3-877C-8781B772143A}
		{C73E98F5-CA51-4F05-9521-2ADF3C84C9DC} = {9502791C-7F73-49F3-877C-8781B772143A}
		{C4AE1846-DCB0-4A4C-88DB-7734656B20C4} = {9502791C-7F73-49F3-877C-8781B772143A}
		{12C65542-03C7-4560-8EE9-33DB5EC53B99} = {9502791C-7F73-49F3-877C-8781B772143A}
		{3D6AE0DF-CC67-48AA-9F84-D611C7E18AC4} = {9502791C-7F73-49F3-877C-8781B772143A}
		{573B2412-AAF3-41DE-80AC-EA75E11A024E} = {9502791C-7F73-49F3-877C-8781B772143A}
		{DF93D292-6F74-48CE-9209-3EE4FB877A09} = {9502791C-7F73-49F3-877C-8781B772143A}
		{1C1EADFF-3BF2-4E1A-A596-084B850F86AF} = {9502791C-7F73-49F3-877C-8781B772143A}
		{236B4E6A-480F-4E09-95DE-9BFC0EE03507} = {9502791C-7F73-49F3-877C-8781B772143A}
		{1787BB88-9E8F-4245-A85F-12396CC217B0} = {9502791C-7F73-49F3-877C-8781B772143A}
		{F5B44401-DEB5-4143-B943-4BEA4C5938ED} = {9502791C-7F73-49F3-877C-8781B772143A}
		{CD16F84C-B453-4DAC-B8EB-E296335AA0AE} = {9502791C-7F73-49F3-877C-8781B772143A}
		{85BDCC32-B666-4121-9FC8-8BF0BAC734A6} = {9502791C-7F73-49F3-877C-8781B772143A}
		{F277F9B0-A6FE-4338-93E1-646DAD88CD64} = {9502791C-7F73-49F3-877C-8781B772143A}
		{27946849-FED2-4ADB-994F-619B8EC190D9} = {9502791C-7F73-49F3-877C-8781B772143A}
		{B49FCDAF-A33C-4EEF-B838-8F2EABF9061A} = {9502791C-7F73-49F3-877C-8781B772143A}
		{C5F4A50E-D363-4B31-A04B-00C45345CC7A} = {9502791C-7F73-49F3-877C-8781B772143A}
		{D780EC43-B16A-4ED9-AEDF-3CE2772B5416} = {9502791C-7F73-49F3-877C-8781B772143A}
		{93575AEC-00BB-4070-BC8A-5A09E167A0B1} = {9502791C-7F73-49F3-877C-8781B772143A}
		{E9D0950C-CB9D-49DC-9D3F-34378E0FB9D7} = {9502791C-7F73-49F3-877C-8781B772143A}
		{84D51482-ED5D-4004-B82D-1ED35B71E494} = {9502791C-7F73-49F3-877C-8781B772143A}
		{43E453D7-EC9A-4E29-B8BF-587B74274127} = {9502791C-7F73-49F3-877C-8781B772143A}
		{6A7C658C-D210-4A5B-AC4B-8014C1FDA037} = {9502791C-7F73-49F3-877C-8781B772143A}
		{41B776AE-EB05-4B59-A3CD-F94C7A999491} = {9502791C-7F73-49F3-877C-8781B772143A}
		{5F64F0ED-0397-416B-8FF5-A2E2D7ABB4B8} = {9502791C-7F73-49F3-877C-8781B772143A}
		{08336330-F8CE-4833-A508-3B6A3C81D0EB} = {9502791C-7F73-49F3-877C-8781B772143A}
		{1DE23256-23FA-4C92-95B6-E913C94C8B6F} = {9E1738C6-30B8-461D-AA26-C2FD786C1D91}
		{D067040E-F347-4A20-A309-7670561FA520} = {9E1738C6-30B8-461D-AA26-C2FD786C1D91}
		{B4ABF741-5F2C-4B71-901C-608388DDB340} = {9E1738C6-30B8-461D-AA26-C2FD786C1D91}
		{5CEDFCBB-8A2D-4F31-9589-C4B00D911E8A} = {9E1738C6-30B8-461D-AA26-C2FD786C1D91}
	EndGlobalSection
	GlobalSection(ExtensibilityGlobals) = postSolution
		SolutionGuid = {FC42BB85-CFE5-4749-B030-B516BCC4D6F4}
	EndGlobalSection
EndGlobal
